# This file was autogenerated by Stack.
# You should not edit this file by hand.
# For more information, please see the documentation at:
#   https://docs.haskellstack.org/en/stable/lock_files

packages:
- completed:
    hackage: polysemy-check-0.8.1.0@sha256:5cce3ae162d2f8d8f629397daa28ec5e425f72d357afeb4fe994e102425f2383,2648
    pantry-tree:
      size: 1027
      sha256: bc880fb3405307ed251c02358d604979d8014040b78c2ffe6319076431f93509
  original:
    hackage: polysemy-check-0.8.1.0@sha256:5cce3ae162d2f8d8f629397daa28ec5e425f72d357afeb4fe994e102425f2383,2648
- completed:
    hackage: polysemy-test-0.3.1.7@sha256:aa081273181b5a943969dd2757a92c973e17c8c4bfcd7cca01132f951f8ab824,4739
    pantry-tree:
      size: 1091
      sha256: bee0918e2bb3ea2a7c6d7b5aa24d66b5d1003dbc1a46bcb2d5bf713792739e84
  original:
    hackage: polysemy-test-0.3.1.7@sha256:aa081273181b5a943969dd2757a92c973e17c8c4bfcd7cca01132f951f8ab824,4739
snapshots:
- completed:
    size: 587113
    url: https://raw.githubusercontent.com/commercialhaskell/stackage-snapshots/master/lts/18/6.yaml
    sha256: f74c482d7c93739ecf3abfbc0f2dea1c20a2dfb2462c689846ed55a9653b66f7
  original: lts-18.6
